
Microsoft Visual Studio Solution File, Format Version 12.00
# Visual Studio Version 17
VisualStudioVersion = 17.4.33103.184
MinimumVisualStudioVersion = 10.0.40219.1
Project("{9A19103F-16F7-4668-BE54-9A1E7A4F7556}") = "RigoRigo.API", "RigoRigoBackend\RigoRigo.API.csproj", "{8072C953-8E5D-46F6-A35C-0A131CD5B028}"
EndProject
Project("{FAE04EC0-301F-11D3-BF4B-00C04F79EFBC}") = "RigoRigo.Model", "RigoRigo.Model\RigoRigo.Model.csproj", "{96872DB2-38F5-41F5-8E40-918874E3758B}"
EndProject
Project("{FAE04EC0-301F-11D3-BF4B-00C04F79EFBC}") = "RigoRigo.Negocio", "RigoRigo.Negocio\RigoRigo.Negocio.csproj", "{6EC67E22-3ABF-4DEE-93CB-47DCBD60E8FC}"
EndProject
Project("{FAE04EC0-301F-11D3-BF4B-00C04F79EFBC}") = "RigoRigo.AccesoDatos", "RigoRigo.AccesoDatos\RigoRigo.AccesoDatos.csproj", "{D894019F-A74A-4F61-A159-460EBAB29578}"
EndProject
Global
	GlobalSection(SolutionConfigurationPlatforms) = preSolution
		Debug|Any CPU = Debug|Any CPU
		Release|Any CPU = Release|Any CPU
	EndGlobalSection
	GlobalSection(ProjectConfigurationPlatforms) = postSolution
		{8072C953-8E5D-46F6-A35C-0A131CD5B028}.Debug|Any CPU.ActiveCfg = Debug|Any CPU
		{8072C953-8E5D-46F6-A35C-0A131CD5B028}.Debug|Any CPU.Build.0 = Debug|Any CPU
		{8072C953-8E5D-46F6-A35C-0A131CD5B028}.Release|Any CPU.ActiveCfg = Release|Any CPU
		{8072C953-8E5D-46F6-A35C-0A131CD5B028}.Release|Any CPU.Build.0 = Release|Any CPU
		{96872DB2-38F5-41F5-8E40-918874E3758B}.Debug|Any CPU.ActiveCfg = Debug|Any CPU
		{96872DB2-38F5-41F5-8E40-918874E3758B}.Debug|Any CPU.Build.0 = Debug|Any CPU
		{96872DB2-38F5-41F5-8E40-918874E3758B}.Release|Any CPU.ActiveCfg = Release|Any CPU
		{96872DB2-38F5-41F5-8E40-918874E3758B}.Release|Any CPU.Build.0 = Release|Any CPU
		{6EC67E22-3ABF-4DEE-93CB-47DCBD60E8FC}.Debug|Any CPU.ActiveCfg = Debug|Any CPU
		{6EC67E22-3ABF-4DEE-93CB-47DCBD60E8FC}.Debug|Any CPU.Build.0 = Debug|Any CPU
		{6EC67E22-3ABF-4DEE-93CB-47DCBD60E8FC}.Release|Any CPU.ActiveCfg = Release|Any CPU
		{6EC67E22-3ABF-4DEE-93CB-47DCBD60E8FC}.Release|Any CPU.Build.0 = Release|Any CPU
		{D894019F-A74A-4F61-A159-460EBAB29578}.Debug|Any CPU.ActiveCfg = Debug|Any CPU
		{D894019F-A74A-4F61-A159-460EBAB29578}.Debug|Any CPU.Build.0 = Debug|Any CPU
		{D894019F-A74A-4F61-A159-460EBAB29578}.Release|Any CPU.ActiveCfg = Release|Any CPU
		{D894019F-A74A-4F61-A159-460EBAB29578}.Release|Any CPU.Build.0 = Release|Any CPU
	EndGlobalSection
	GlobalSection(SolutionProperties) = preSolution
		HideSolutionNode = FALSE
	EndGlobalSection
	GlobalSection(ExtensibilityGlobals) = postSolution
		SolutionGuid = {EEE59016-238D-4117-AB36-AADCDC4F8B0D}
	EndGlobalSection
EndGlobal
